
Microsoft Visual Studio Solution File, Format Version 12.00
# Visual Studio Version 17
VisualStudioVersion = 17.3.32825.248
MinimumVisualStudioVersion = 10.0.40219.1
Project("{FAE04EC0-301F-11D3-BF4B-00C04F79EFBC}") = "Congrats", "Congrats\Congrats.csproj", "{1EC1AE31-BBB6-4252-AAD8-D20EBCAC492F}"
EndProject
Global
	GlobalSection(SolutionConfigurationPlatforms) = preSolution
		Debug|Any CPU = Debug|Any CPU
		Release|Any CPU = Release|Any CPU
	EndGlobalSection
	GlobalSection(ProjectConfigurationPlatforms) = postSolution
		{1EC1AE31-BBB6-4252-AAD8-D20EBCAC492F}.Debug|Any CPU.ActiveCfg = Debug|Any CPU
		{1EC1AE31-BBB6-4252-AAD8-D20EBCAC492F}.Debug|Any CPU.Build.0 = Debug|Any CPU
		{1EC1AE31-BBB6-4252-AAD8-D20EBCAC492F}.Release|Any CPU.ActiveCfg = Release|Any CPU
		{1EC1AE31-BBB6-4252-AAD8-D20EBCAC492F}.Release|Any CPU.Build.0 = Release|Any CPU
	EndGlobalSection
	GlobalSection(SolutionProperties) = preSolution
		HideSolutionNode = FALSE
	EndGlobalSection
	GlobalSection(ExtensibilityGlobals) = postSolution
		SolutionGuid = {83BC179A-372A-434C-9932-A297DB36514F}
	EndGlobalSection
EndGlobal
